# This file is automatically @generated by Cargo.
# It is not intended for manual editing.
version = 4

[[package]]
name = "architecture-tests"
version = "0.1.0"

[[package]]
name = "cauterizer-advisory-intake"
version = "0.1.0"
dependencies = [
 "cauterizer-syntax",
]

[[package]]
name = "cauterizer-api"
version = "0.1.0"
dependencies = [
 "cauterizer-contracts",
]

[[package]]
name = "cauterizer-asset-portfolio"
version = "0.1.0"
dependencies = [
 "cauterizer-syntax",
]

[[package]]
name = "cauterizer-cli"
version = "0.1.0"
dependencies = [
 "cauterizer-contracts",
]

[[package]]
name = "cauterizer-commercial-entitlements"
version = "0.1.0"
dependencies = [
 "cauterizer-syntax",
]

[[package]]
name = "cauterizer-contracts"
version = "0.1.0"
dependencies = [
 "cauterizer-syntax",
]

[[package]]
name = "cauterizer-evidence"
version = "0.1.0"
dependencies = [
 "cauterizer-syntax",
]

[[package]]
name = "cauterizer-external-actions"
version = "0.1.0"
dependencies = [
 "cauterizer-syntax",
]

[[package]]
name = "cauterizer-infrastructure"
version = "0.1.0"
dependencies = [
 "cauterizer-contracts",
 "cauterizer-syntax",
]

[[package]]
name = "cauterizer-integration-management"
version = "0.1.0"
dependencies = [
 "cauterizer-syntax",
]

[[package]]
name = "cauterizer-isolated-execution"
version = "0.1.0"
dependencies = [
 "cauterizer-syntax",
]

[[package]]
name = "cauterizer-organization-access"
version = "0.1.0"
dependencies = [
 "cauterizer-syntax",
]

[[package]]
name = "cauterizer-patch-proposals"
version = "0.1.0"
dependencies = [
 "cauterizer-syntax",
]

[[package]]
name = "cauterizer-remediation-runs"
version = "0.1.0"
dependencies = [
 "cauterizer-syntax",
]

[[package]]
name = "cauterizer-syntax"
version = "0.1.0"

[[package]]
name = "cauterizer-verification"
version = "0.1.0"
dependencies = [
 "cauterizer-syntax",
]

[[package]]
name = "cauterizer-worker"
version = "0.1.0"
dependencies = [
 "cauterizer-contracts",
]
